{
  "name": "root",
  "lockfileVersion": 2,
  "requires": true,
  "packages": {
    "": {
      "name": "root",
      "workspaces": [
        "packages/*"
      ]
    },
    "node_modules/@root/github": {
      "resolved": "packages/github",
      "link": true
    },
    "packages/github": {
      "name": "@root/github"
    }
  },
  "dependencies": {
    "@root/github": {
      "version": "file:packages/github"
    }
  }
}
