{
  "name": "root",
  "lockfileVersion": 2,
  "requires": true,
  "packages": {
    "": {
      "name": "root",
      "workspaces": [
        "packages/*"
      ]
    },
    "node_modules/@root/ciao": {
      "resolved": "packages/ciao",
      "link": true
    },
    "packages/ciao": {
      "name": "@root/ciao",
      "version": "1.0.0"
    }
  },
  "dependencies": {
    "@root/ciao": {
      "version": "file:packages/ciao"
    }
  }
}
